
Microsoft Visual Studio Solution File, Format Version 12.00
# Visual Studio 15
VisualStudioVersion = 15.0.27428.2027
MinimumVisualStudioVersion = 10.0.40219.1
Project("{9A19103F-16F7-4668-BE54-9A1E7A4F7556}") = "GrapePhoto", "GrapePhoto\GrapePhoto.csproj", "{771A220B-A099-4AD6-BFCF-360EB0433A37}"
EndProject
Project("{2150E333-8FDC-42A3-9474-1A3956D46DE8}") = "Services", "Services", "{2F3D0D82-CB14-4C20-B7A1-D7DE1EF2E69B}"
EndProject
Project("{2150E333-8FDC-42A3-9474-1A3956D46DE8}") = "Picture", "Picture", "{7722AE97-2324-4162-A4CF-DD8B4A9AD0D5}"
EndProject
Project("{9A19103F-16F7-4668-BE54-9A1E7A4F7556}") = "GrapePhoto.Web.Models", "GrapePhoto.Domain\GrapePhoto.Web.Models.csproj", "{6E05EA9C-E21D-486A-A0F3-DEE84A7E2B99}"
EndProject
Project("{2150E333-8FDC-42A3-9474-1A3956D46DE8}") = "Identity", "Identity", "{6130D442-EA3A-4110-92B8-17EB6655A43A}"
EndProject
Project("{9A19103F-16F7-4668-BE54-9A1E7A4F7556}") = "GrapePhoto.Proxy", "GrapePhoto.Application\GrapePhoto.Proxy.csproj", "{C22645A2-E038-49F1-883E-746FA857704F}"
EndProject
Project("{9A19103F-16F7-4668-BE54-9A1E7A4F7556}") = "GrapePhoto.DynamoDB", "GrapePhoto.DynamoDB\GrapePhoto.DynamoDB.csproj", "{B4A40D3E-5CEB-433F-B07A-937DC4A62BC2}"
EndProject
Project("{2150E333-8FDC-42A3-9474-1A3956D46DE8}") = "Notification", "Notification", "{F93E24EA-AED2-482B-B9C2-907906C5B8C7}"
EndProject
Project("{9A19103F-16F7-4668-BE54-9A1E7A4F7556}") = "Identity.API.Application", "Services\Identity.API\Identity.API.Application\Identity.API.Application.csproj", "{076D3771-3CA7-4101-9214-FC00F5D712A9}"
EndProject
Project("{9A19103F-16F7-4668-BE54-9A1E7A4F7556}") = "Identity.API.Core", "Services\Identity.API\Identity.API.Core\Identity.API.Core.csproj", "{2A9A2653-C6B0-4A6A-A70F-298860277651}"
EndProject
Project("{9A19103F-16F7-4668-BE54-9A1E7A4F7556}") = "Identity.API.Web", "Services\Identity.API\Identity.API.Web\Identity.API.Web.csproj", "{F466D697-25DC-4334-A131-03290874EC5D}"
EndProject
Project("{9A19103F-16F7-4668-BE54-9A1E7A4F7556}") = "Notification.API.Application", "Services\Notification.API\Notification.API.Application\Notification.API.Application.csproj", "{B2DE0128-3178-4627-9B51-F4292684A826}"
EndProject
Project("{9A19103F-16F7-4668-BE54-9A1E7A4F7556}") = "Notification.API.Core", "Services\Notification.API\Notification.API.Core\Notification.API.Core.csproj", "{87D5E389-A486-49A7-9DE2-7E1979A27DA1}"
EndProject
Project("{9A19103F-16F7-4668-BE54-9A1E7A4F7556}") = "Notification.API.EntityFrameworkCore", "Services\Notification.API\Notification.API.EntityFrameworkCore\Notification.API.EntityFrameworkCore.csproj", "{84745355-7A04-4093-8B54-CB29DE850073}"
EndProject
Project("{9A19103F-16F7-4668-BE54-9A1E7A4F7556}") = "Notification.API.Web", "Services\Notification.API\Notification.API.Web\Notification.API.Web.csproj", "{E2231C07-9B3F-4E60-817C-2FBA62A332A9}"
EndProject
Project("{9A19103F-16F7-4668-BE54-9A1E7A4F7556}") = "Photo.API.Web", "Services\Photo.API\Photo.API.Web\Photo.API.Web.csproj", "{8768CB5C-EB61-4ABD-8772-592BFAF383CD}"
EndProject
Project("{9A19103F-16F7-4668-BE54-9A1E7A4F7556}") = "Photo.API.Core", "Services\Photo.API\Photo.API.Core\Photo.API.Core.csproj", "{44C2E903-8075-4831-9A75-42191F801E5E}"
EndProject
Project("{9A19103F-16F7-4668-BE54-9A1E7A4F7556}") = "Photo.API.Application", "Services\Photo.API\Photo.API.Application\Photo.API.Application.csproj", "{04D0178B-BB8D-433F-B85C-0A8F82C7D2DE}"
EndProject
Project("{9A19103F-16F7-4668-BE54-9A1E7A4F7556}") = "Photo.API.EntityFrameworkCore", "Services\Photo.API\Photo.API.EntityFrameworkCore\Photo.API.EntityFrameworkCore.csproj", "{EA319B69-9609-48C8-9FF3-047A14B6FABB}"
EndProject
Project("{2150E333-8FDC-42A3-9474-1A3956D46DE8}") = "Web", "Web", "{E8A00642-E7E9-4402-91A6-3108F1133092}"
EndProject
Global
	GlobalSection(SolutionConfigurationPlatforms) = preSolution
		Debug|Any CPU = Debug|Any CPU
		Release|Any CPU = Release|Any CPU
	EndGlobalSection
	GlobalSection(ProjectConfigurationPlatforms) = postSolution
		{771A220B-A099-4AD6-BFCF-360EB0433A37}.Debug|Any CPU.ActiveCfg = Debug|Any CPU
		{771A220B-A099-4AD6-BFCF-360EB0433A37}.Debug|Any CPU.Build.0 = Debug|Any CPU
		{771A220B-A099-4AD6-BFCF-360EB0433A37}.Release|Any CPU.ActiveCfg = Release|Any CPU
		{771A220B-A099-4AD6-BFCF-360EB0433A37}.Release|Any CPU.Build.0 = Release|Any CPU
		{6E05EA9C-E21D-486A-A0F3-DEE84A7E2B99}.Debug|Any CPU.ActiveCfg = Debug|Any CPU
		{6E05EA9C-E21D-486A-A0F3-DEE84A7E2B99}.Debug|Any CPU.Build.0 = Debug|Any CPU
		{6E05EA9C-E21D-486A-A0F3-DEE84A7E2B99}.Release|Any CPU.ActiveCfg = Release|Any CPU
		{6E05EA9C-E21D-486A-A0F3-DEE84A7E2B99}.Release|Any CPU.Build.0 = Release|Any CPU
		{C22645A2-E038-49F1-883E-746FA857704F}.Debug|Any CPU.ActiveCfg = Debug|Any CPU
		{C22645A2-E038-49F1-883E-746FA857704F}.Debug|Any CPU.Build.0 = Debug|Any CPU
		{C22645A2-E038-49F1-883E-746FA857704F}.Release|Any CPU.ActiveCfg = Release|Any CPU
		{C22645A2-E038-49F1-883E-746FA857704F}.Release|Any CPU.Build.0 = Release|Any CPU
		{B4A40D3E-5CEB-433F-B07A-937DC4A62BC2}.Debug|Any CPU.ActiveCfg = Debug|Any CPU
		{B4A40D3E-5CEB-433F-B07A-937DC4A62BC2}.Debug|Any CPU.Build.0 = Debug|Any CPU
		{B4A40D3E-5CEB-433F-B07A-937DC4A62BC2}.Release|Any CPU.ActiveCfg = Release|Any CPU
		{B4A40D3E-5CEB-433F-B07A-937DC4A62BC2}.Release|Any CPU.Build.0 = Release|Any CPU
		{076D3771-3CA7-4101-9214-FC00F5D712A9}.Debug|Any CPU.ActiveCfg = Debug|Any CPU
		{076D3771-3CA7-4101-9214-FC00F5D712A9}.Debug|Any CPU.Build.0 = Debug|Any CPU
		{076D3771-3CA7-4101-9214-FC00F5D712A9}.Release|Any CPU.ActiveCfg = Release|Any CPU
		{076D3771-3CA7-4101-9214-FC00F5D712A9}.Release|Any CPU.Build.0 = Release|Any CPU
		{2A9A2653-C6B0-4A6A-A70F-298860277651}.Debug|Any CPU.ActiveCfg = Debug|Any CPU
		{2A9A2653-C6B0-4A6A-A70F-298860277651}.Debug|Any CPU.Build.0 = Debug|Any CPU
		{2A9A2653-C6B0-4A6A-A70F-298860277651}.Release|Any CPU.ActiveCfg = Release|Any CPU
		{2A9A2653-C6B0-4A6A-A70F-298860277651}.Release|Any CPU.Build.0 = Release|Any CPU
		{F466D697-25DC-4334-A131-03290874EC5D}.Debug|Any CPU.ActiveCfg = Debug|Any CPU
		{F466D697-25DC-4334-A131-03290874EC5D}.Debug|Any CPU.Build.0 = Debug|Any CPU
		{F466D697-25DC-4334-A131-03290874EC5D}.Release|Any CPU.ActiveCfg = Release|Any CPU
		{F466D697-25DC-4334-A131-03290874EC5D}.Release|Any CPU.Build.0 = Release|Any CPU
		{B2DE0128-3178-4627-9B51-F4292684A826}.Debug|Any CPU.ActiveCfg = Debug|Any CPU
		{B2DE0128-3178-4627-9B51-F4292684A826}.Debug|Any CPU.Build.0 = Debug|Any CPU
		{B2DE0128-3178-4627-9B51-F4292684A826}.Release|Any CPU.ActiveCfg = Release|Any CPU
		{B2DE0128-3178-4627-9B51-F4292684A826}.Release|Any CPU.Build.0 = Release|Any CPU
		{87D5E389-A486-49A7-9DE2-7E1979A27DA1}.Debug|Any CPU.ActiveCfg = Debug|Any CPU
		{87D5E389-A486-49A7-9DE2-7E1979A27DA1}.Debug|Any CPU.Build.0 = Debug|Any CPU
		{87D5E389-A486-49A7-9DE2-7E1979A27DA1}.Release|Any CPU.ActiveCfg = Release|Any CPU
		{87D5E389-A486-49A7-9DE2-7E1979A27DA1}.Release|Any CPU.Build.0 = Release|Any CPU
		{84745355-7A04-4093-8B54-CB29DE850073}.Debug|Any CPU.ActiveCfg = Debug|Any CPU
		{84745355-7A04-4093-8B54-CB29DE850073}.Debug|Any CPU.Build.0 = Debug|Any CPU
		{84745355-7A04-4093-8B54-CB29DE850073}.Release|Any CPU.ActiveCfg = Release|Any CPU
		{84745355-7A04-4093-8B54-CB29DE850073}.Release|Any CPU.Build.0 = Release|Any CPU
		{E2231C07-9B3F-4E60-817C-2FBA62A332A9}.Debug|Any CPU.ActiveCfg = Debug|Any CPU
		{E2231C07-9B3F-4E60-817C-2FBA62A332A9}.Debug|Any CPU.Build.0 = Debug|Any CPU
		{E2231C07-9B3F-4E60-817C-2FBA62A332A9}.Release|Any CPU.ActiveCfg = Release|Any CPU
		{E2231C07-9B3F-4E60-817C-2FBA62A332A9}.Release|Any CPU.Build.0 = Release|Any CPU
		{8768CB5C-EB61-4ABD-8772-592BFAF383CD}.Debug|Any CPU.ActiveCfg = Debug|Any CPU
		{8768CB5C-EB61-4ABD-8772-592BFAF383CD}.Debug|Any CPU.Build.0 = Debug|Any CPU
		{8768CB5C-EB61-4ABD-8772-592BFAF383CD}.Release|Any CPU.ActiveCfg = Release|Any CPU
		{8768CB5C-EB61-4ABD-8772-592BFAF383CD}.Release|Any CPU.Build.0 = Release|Any CPU
		{44C2E903-8075-4831-9A75-42191F801E5E}.Debug|Any CPU.ActiveCfg = Debug|Any CPU
		{44C2E903-8075-4831-9A75-42191F801E5E}.Debug|Any CPU.Build.0 = Debug|Any CPU
		{44C2E903-8075-4831-9A75-42191F801E5E}.Release|Any CPU.ActiveCfg = Release|Any CPU
		{44C2E903-8075-4831-9A75-42191F801E5E}.Release|Any CPU.Build.0 = Release|Any CPU
		{04D0178B-BB8D-433F-B85C-0A8F82C7D2DE}.Debug|Any CPU.ActiveCfg = Debug|Any CPU
		{04D0178B-BB8D-433F-B85C-0A8F82C7D2DE}.Debug|Any CPU.Build.0 = Debug|Any CPU
		{04D0178B-BB8D-433F-B85C-0A8F82C7D2DE}.Release|Any CPU.ActiveCfg = Release|Any CPU
		{04D0178B-BB8D-433F-B85C-0A8F82C7D2DE}.Release|Any CPU.Build.0 = Release|Any CPU
		{EA319B69-9609-48C8-9FF3-047A14B6FABB}.Debug|Any CPU.ActiveCfg = Debug|Any CPU
		{EA319B69-9609-48C8-9FF3-047A14B6FABB}.Debug|Any CPU.Build.0 = Debug|Any CPU
		{EA319B69-9609-48C8-9FF3-047A14B6FABB}.Release|Any CPU.ActiveCfg = Release|Any CPU
		{EA319B69-9609-48C8-9FF3-047A14B6FABB}.Release|Any CPU.Build.0 = Release|Any CPU
	EndGlobalSection
	GlobalSection(SolutionProperties) = preSolution
		HideSolutionNode = FALSE
	EndGlobalSection
	GlobalSection(NestedProjects) = preSolution
		{771A220B-A099-4AD6-BFCF-360EB0433A37} = {E8A00642-E7E9-4402-91A6-3108F1133092}
		{7722AE97-2324-4162-A4CF-DD8B4A9AD0D5} = {2F3D0D82-CB14-4C20-B7A1-D7DE1EF2E69B}
		{6E05EA9C-E21D-486A-A0F3-DEE84A7E2B99} = {E8A00642-E7E9-4402-91A6-3108F1133092}
		{6130D442-EA3A-4110-92B8-17EB6655A43A} = {2F3D0D82-CB14-4C20-B7A1-D7DE1EF2E69B}
		{C22645A2-E038-49F1-883E-746FA857704F} = {E8A00642-E7E9-4402-91A6-3108F1133092}
		{F93E24EA-AED2-482B-B9C2-907906C5B8C7} = {2F3D0D82-CB14-4C20-B7A1-D7DE1EF2E69B}
		{076D3771-3CA7-4101-9214-FC00F5D712A9} = {6130D442-EA3A-4110-92B8-17EB6655A43A}
		{2A9A2653-C6B0-4A6A-A70F-298860277651} = {6130D442-EA3A-4110-92B8-17EB6655A43A}
		{F466D697-25DC-4334-A131-03290874EC5D} = {6130D442-EA3A-4110-92B8-17EB6655A43A}
		{B2DE0128-3178-4627-9B51-F4292684A826} = {F93E24EA-AED2-482B-B9C2-907906C5B8C7}
		{87D5E389-A486-49A7-9DE2-7E1979A27DA1} = {F93E24EA-AED2-482B-B9C2-907906C5B8C7}
		{84745355-7A04-4093-8B54-CB29DE850073} = {F93E24EA-AED2-482B-B9C2-907906C5B8C7}
		{E2231C07-9B3F-4E60-817C-2FBA62A332A9} = {F93E24EA-AED2-482B-B9C2-907906C5B8C7}
		{8768CB5C-EB61-4ABD-8772-592BFAF383CD} = {7722AE97-2324-4162-A4CF-DD8B4A9AD0D5}
		{44C2E903-8075-4831-9A75-42191F801E5E} = {7722AE97-2324-4162-A4CF-DD8B4A9AD0D5}
		{04D0178B-BB8D-433F-B85C-0A8F82C7D2DE} = {7722AE97-2324-4162-A4CF-DD8B4A9AD0D5}
		{EA319B69-9609-48C8-9FF3-047A14B6FABB} = {7722AE97-2324-4162-A4CF-DD8B4A9AD0D5}
	EndGlobalSection
	GlobalSection(ExtensibilityGlobals) = postSolution
		SolutionGuid = {00C28415-942D-4CE7-AF72-5A0D873515D6}
	EndGlobalSection
EndGlobal
