
Microsoft Visual Studio Solution File, Format Version 12.00
# Visual Studio 15
VisualStudioVersion = 15.0.27428.2027
MinimumVisualStudioVersion = 10.0.40219.1
Project("{FAE04EC0-301F-11D3-BF4B-00C04F79EFBC}") = "GrapePhoto", "GrapePhoto\GrapePhoto.csproj", "{771A220B-A099-4AD6-BFCF-360EB0433A37}"
EndProject
Global
	GlobalSection(SolutionConfigurationPlatforms) = preSolution
		Debug|Any CPU = Debug|Any CPU
		Release|Any CPU = Release|Any CPU
	EndGlobalSection
	GlobalSection(ProjectConfigurationPlatforms) = postSolution
		{771A220B-A099-4AD6-BFCF-360EB0433A37}.Debug|Any CPU.ActiveCfg = Debug|Any CPU
		{771A220B-A099-4AD6-BFCF-360EB0433A37}.Debug|Any CPU.Build.0 = Debug|Any CPU
		{771A220B-A099-4AD6-BFCF-360EB0433A37}.Release|Any CPU.ActiveCfg = Release|Any CPU
		{771A220B-A099-4AD6-BFCF-360EB0433A37}.Release|Any CPU.Build.0 = Release|Any CPU
	EndGlobalSection
	GlobalSection(SolutionProperties) = preSolution
		HideSolutionNode = FALSE
	EndGlobalSection
	GlobalSection(ExtensibilityGlobals) = postSolution
		SolutionGuid = {00C28415-942D-4CE7-AF72-5A0D873515D6}
	EndGlobalSection
EndGlobal
